// !$*UTF8*$!
{
	archiveVersion = 1;
	classes = {
	};
	objectVersion = 50;
	objects = {

/* Begin PBXBuildFile section */
		3A15A44D20D34B2C004764EC /* DismissionAnimation.swift in Sources */ = {isa = PBXBuildFile; fileRef = 3A15A44C20D34B2C004764EC /* DismissionAnimation.swift */; };
		3A9ABA9B20D062BF00EDB609 /* AppDelegate.swift in Sources */ = {isa = PBXBuildFile; fileRef = 3A9ABA9A20D062BF00EDB609 /* AppDelegate.swift */; };
		3A9ABA9D20D062BF00EDB609 /* StoryFeed.swift in Sources */ = {isa = PBXBuildFile; fileRef = 3A9ABA9C20D062BF00EDB609 /* StoryFeed.swift */; };
		3A9ABAA020D062BF00EDB609 /* Main.storyboard in Resources */ = {isa = PBXBuildFile; fileRef = 3A9ABA9E20D062BF00EDB609 /* Main.storyboard */; };
		3A9ABAA320D062BF00EDB609 /* Test.xcdatamodeld in Sources */ = {isa = PBXBuildFile; fileRef = 3A9ABAA120D062BF00EDB609 /* Test.xcdatamodeld */; };
		3A9ABAA520D062C100EDB609 /* Assets.xcassets in Resources */ = {isa = PBXBuildFile; fileRef = 3A9ABAA420D062C100EDB609 /* Assets.xcassets */; };
		3A9ABAA820D062C100EDB609 /* LaunchScreen.storyboard in Resources */ = {isa = PBXBuildFile; fileRef = 3A9ABAA620D062C100EDB609 /* LaunchScreen.storyboard */; };
		3A9ABAB020D0780600EDB609 /* PresentationAnimation.swift in Sources */ = {isa = PBXBuildFile; fileRef = 3A9ABAAF20D0780600EDB609 /* PresentationAnimation.swift */; };
		3A9ABAB220D07DE100EDB609 /* ImageCell.swift in Sources */ = {isa = PBXBuildFile; fileRef = 3A9ABAB120D07DE100EDB609 /* ImageCell.swift */; };
		3A9ABAB420D07EF700EDB609 /* DetailViewController.swift in Sources */ = {isa = PBXBuildFile; fileRef = 3A9ABAB320D07EF700EDB609 /* DetailViewController.swift */; };
/* End PBXBuildFile section */

/* Begin PBXFileReference section */
		3A15A44C20D34B2C004764EC /* DismissionAnimation.swift */ = {isa = PBXFileReference; lastKnownFileType = sourcecode.swift; path = DismissionAnimation.swift; sourceTree = "<group>"; };
		3A9ABA9720D062BF00EDB609 /* Test.app */ = {isa = PBXFileReference; explicitFileType = wrapper.application; includeInIndex = 0; path = Test.app; sourceTree = BUILT_PRODUCTS_DIR; };
		3A9ABA9A20D062BF00EDB609 /* AppDelegate.swift */ = {isa = PBXFileReference; lastKnownFileType = sourcecode.swift; path = AppDelegate.swift; sourceTree = "<group>"; };
		3A9ABA9C20D062BF00EDB609 /* StoryFeed.swift */ = {isa = PBXFileReference; lastKnownFileType = sourcecode.swift; path = StoryFeed.swift; sourceTree = "<group>"; };
		3A9ABA9F20D062BF00EDB609 /* Base */ = {isa = PBXFileReference; lastKnownFileType = file.storyboard; name = Base; path = Base.lproj/Main.storyboard; sourceTree = "<group>"; };
		3A9ABAA220D062BF00EDB609 /* Test.xcdatamodel */ = {isa = PBXFileReference; lastKnownFileType = wrapper.xcdatamodel; path = Test.xcdatamodel; sourceTree = "<group>"; };
		3A9ABAA420D062C100EDB609 /* Assets.xcassets */ = {isa = PBXFileReference; lastKnownFileType = folder.assetcatalog; path = Assets.xcassets; sourceTree = "<group>"; };
		3A9ABAA720D062C100EDB609 /* Base */ = {isa = PBXFileReference; lastKnownFileType = file.storyboard; name = Base; path = Base.lproj/LaunchScreen.storyboard; sourceTree = "<group>"; };
		3A9ABAA920D062C100EDB609 /* Info.plist */ = {isa = PBXFileReference; lastKnownFileType = text.plist.xml; path = Info.plist; sourceTree = "<group>"; };
		3A9ABAAF20D0780600EDB609 /* PresentationAnimation.swift */ = {isa = PBXFileReference; lastKnownFileType = sourcecode.swift; path = PresentationAnimation.swift; sourceTree = "<group>"; };
		3A9ABAB120D07DE100EDB609 /* ImageCell.swift */ = {isa = PBXFileReference; lastKnownFileType = sourcecode.swift; path = ImageCell.swift; sourceTree = "<group>"; };
		3A9ABAB320D07EF700EDB609 /* DetailViewController.swift */ = {isa = PBXFileReference; lastKnownFileType = sourcecode.swift; path = DetailViewController.swift; sourceTree = "<group>"; };
/* End PBXFileReference section */

/* Begin PBXFrameworksBuildPhase section */
		3A9ABA9420D062BF00EDB609 /* Frameworks */ = {
			isa = PBXFrameworksBuildPhase;
			buildActionMask = 2147483647;
			files = (
			);
			runOnlyForDeploymentPostprocessing = 0;
		};
/* End PBXFrameworksBuildPhase section */

/* Begin PBXGroup section */
		3A9ABA8E20D062BF00EDB609 = {
			isa = PBXGroup;
			children = (
				3A9ABA9920D062BF00EDB609 /* Test */,
				3A9ABA9820D062BF00EDB609 /* Products */,
			);
			sourceTree = "<group>";
		};
		3A9ABA9820D062BF00EDB609 /* Products */ = {
			isa = PBXGroup;
			children = (
				3A9ABA9720D062BF00EDB609 /* Test.app */,
			);
			name = Products;
			sourceTree = "<group>";
		};
		3A9ABA9920D062BF00EDB609 /* Test */ = {
			isa = PBXGroup;
			children = (
				3A9ABA9A20D062BF00EDB609 /* AppDelegate.swift */,
				3A9ABA9C20D062BF00EDB609 /* StoryFeed.swift */,
				3A9ABA9E20D062BF00EDB609 /* Main.storyboard */,
				3A9ABAA420D062C100EDB609 /* Assets.xcassets */,
				3A9ABAA620D062C100EDB609 /* LaunchScreen.storyboard */,
				3A9ABAA920D062C100EDB609 /* Info.plist */,
				3A9ABAA120D062BF00EDB609 /* Test.xcdatamodeld */,
				3A9ABAAF20D0780600EDB609 /* PresentationAnimation.swift */,
				3A15A44C20D34B2C004764EC /* DismissionAnimation.swift */,
				3A9ABAB120D07DE100EDB609 /* ImageCell.swift */,
				3A9ABAB320D07EF700EDB609 /* DetailViewController.swift */,
			);
			path = Test;
			sourceTree = "<group>";
		};
/* End PBXGroup section */

/* Begin PBXNativeTarget section */
		3A9ABA9620D062BF00EDB609 /* Test */ = {
			isa = PBXNativeTarget;
			buildConfigurationList = 3A9ABAAC20D062C100EDB609 /* Build configuration list for PBXNativeTarget "Test" */;
			buildPhases = (
				3A9ABA9320D062BF00EDB609 /* Sources */,
				3A9ABA9420D062BF00EDB609 /* Frameworks */,
				3A9ABA9520D062BF00EDB609 /* Resources */,
			);
			buildRules = (
			);
			dependencies = (
			);
			name = Test;
			productName = Test;
			productReference = 3A9ABA9720D062BF00EDB609 /* Test.app */;
			productType = "com.apple.product-type.application";
		};
/* End PBXNativeTarget section */

/* Begin PBXProject section */
		3A9ABA8F20D062BF00EDB609 /* Project object */ = {
			isa = PBXProject;
			attributes = {
				LastSwiftUpdateCheck = 0940;
				LastUpgradeCheck = 0940;
				ORGANIZATIONNAME = "Adrian Coroian";
				TargetAttributes = {
					3A9ABA9620D062BF00EDB609 = {
						CreatedOnToolsVersion = 9.4;
					};
				};
			};
			buildConfigurationList = 3A9ABA9220D062BF00EDB609 /* Build configuration list for PBXProject "Test" */;
			compatibilityVersion = "Xcode 9.3";
			developmentRegion = en;
			hasScannedForEncodings = 0;
			knownRegions = (
				en,
				Base,
			);
			mainGroup = 3A9ABA8E20D062BF00EDB609;
			productRefGroup = 3A9ABA9820D062BF00EDB609 /* Products */;
			projectDirPath = "";
			projectRoot = "";
			targets = (
				3A9ABA9620D062BF00EDB609 /* Test */,
			);
		};
/* End PBXProject section */

/* Begin PBXResourcesBuildPhase section */
		3A9ABA9520D062BF00EDB609 /* Resources */ = {
			isa = PBXResourcesBuildPhase;
			buildActionMask = 2147483647;
			files = (
				3A9ABAA820D062C100EDB609 /* LaunchScreen.storyboard in Resources */,
				3A9ABAA520D062C100EDB609 /* Assets.xcassets in Resources */,
				3A9ABAA020D062BF00EDB609 /* Main.storyboard in Resources */,
			);
			runOnlyForDeploymentPostprocessing = 0;
		};
/* End PBXResourcesBuildPhase section */

/* Begin PBXSourcesBuildPhase section */
		3A9ABA9320D062BF00EDB609 /* Sources */ = {
			isa = PBXSourcesBuildPhase;
			buildActionMask = 2147483647;
			files = (
				3A9ABA9D20D062BF00EDB609 /* StoryFeed.swift in Sources */,
				3A9ABA9B20D062BF00EDB609 /* AppDelegate.swift in Sources */,
				3A15A44D20D34B2C004764EC /* DismissionAnimation.swift in Sources */,
				3A9ABAA320D062BF00EDB609 /* Test.xcdatamodeld in Sources */,
				3A9ABAB420D07EF700EDB609 /* DetailViewController.swift in Sources */,
				3A9ABAB020D0780600EDB609 /* PresentationAnimation.swift in Sources */,
				3A9ABAB220D07DE100EDB609 /* ImageCell.swift in Sources */,
			);
			runOnlyForDeploymentPostprocessing = 0;
		};
/* End PBXSourcesBuildPhase section */

/* Begin PBXVariantGroup section */
		3A9ABA9E20D062BF00EDB609 /* Main.storyboard */ = {
			isa = PBXVariantGroup;
			children = (
				3A9ABA9F20D062BF00EDB609 /* Base */,
			);
			name = Main.storyboard;
			sourceTree = "<group>";
		};
		3A9ABAA620D062C100EDB609 /* LaunchScreen.storyboard */ = {
			isa = PBXVariantGroup;
			children = (
				3A9ABAA720D062C100EDB609 /* Base */,
			);
			name = LaunchScreen.storyboard;
			sourceTree = "<group>";
		};
/* End PBXVariantGroup section */

/* Begin XCBuildConfiguration section */
		3A9ABAAA20D062C100EDB609 /* Debug */ = {
			isa = XCBuildConfiguration;
			buildSettings = {
				ALWAYS_SEARCH_USER_PATHS = NO;
				CLANG_ANALYZER_NONNULL = YES;
				CLANG_ANALYZER_NUMBER_OBJECT_CONVERSION = YES_AGGRESSIVE;
				CLANG_CXX_LANGUAGE_STANDARD = "gnu++14";
				CLANG_CXX_LIBRARY = "libc++";
				CLANG_ENABLE_MODULES = YES;
				CLANG_ENABLE_OBJC_ARC = YES;
				CLANG_ENABLE_OBJC_WEAK = YES;
				CLANG_WARN_BLOCK_CAPTURE_AUTORELEASING = YES;
				CLANG_WARN_BOOL_CONVERSION = YES;
				CLANG_WARN_COMMA = YES;
				CLANG_WARN_CONSTANT_CONVERSION = YES;
				CLANG_WARN_DEPRECATED_OBJC_IMPLEMENTATIONS = YES;
				CLANG_WARN_DIRECT_OBJC_ISA_USAGE = YES_ERROR;
				CLANG_WARN_DOCUMENTATION_COMMENTS = YES;
				CLANG_WARN_EMPTY_BODY = YES;
				CLANG_WARN_ENUM_CONVERSION = YES;
				CLANG_WARN_INFINITE_RECURSION = YES;
				CLANG_WARN_INT_CONVERSION = YES;
				CLANG_WARN_NON_LITERAL_NULL_CONVERSION = YES;
				CLANG_WARN_OBJC_IMPLICIT_RETAIN_SELF = YES;
				CLANG_WARN_OBJC_LITERAL_CONVERSION = YES;
				CLANG_WARN_OBJC_ROOT_CLASS = YES_ERROR;
				CLANG_WARN_RANGE_LOOP_ANALYSIS = YES;
				CLANG_WARN_STRICT_PROTOTYPES = YES;
				CLANG_WARN_SUSPICIOUS_MOVE = YES;
				CLANG_WARN_UNGUARDED_AVAILABILITY = YES_AGGRESSIVE;
				CLANG_WARN_UNREACHABLE_CODE = YES;
				CLANG_WARN__DUPLICATE_METHOD_MATCH = YES;
				CODE_SIGN_IDENTITY = "iPhone Developer";
				COPY_PHASE_STRIP = NO;
				DEBUG_INFORMATION_FORMAT = dwarf;
				ENABLE_STRICT_OBJC_MSGSEND = YES;
				ENABLE_TESTABILITY = YES;
				GCC_C_LANGUAGE_STANDARD = gnu11;
				GCC_DYNAMIC_NO_PIC = NO;
				GCC_NO_COMMON_BLOCKS = YES;
				GCC_OPTIMIZATION_LEVEL = 0;
				GCC_PREPROCESSOR_DEFINITIONS = (
					"DEBUG=1",
					"$(inherited)",
				);
				GCC_WARN_64_TO_32_BIT_CONVERSION = YES;
				GCC_WARN_ABOUT_RETURN_TYPE = YES_ERROR;
				GCC_WARN_UNDECLARED_SELECTOR = YES;
				GCC_WARN_UNINITIALIZED_AUTOS = YES_AGGRESSIVE;
				GCC_WARN_UNUSED_FUNCTION = YES;
				GCC_WARN_UNUSED_VARIABLE = YES;
				IPHONEOS_DEPLOYMENT_TARGET = 11.4;
				MTL_ENABLE_DEBUG_INFO = YES;
				ONLY_ACTIVE_ARCH = YES;
				SDKROOT = iphoneos;
				SWIFT_ACTIVE_COMPILATION_CONDITIONS = DEBUG;
				SWIFT_OPTIMIZATION_LEVEL = "-Onone";
			};
			name = Debug;
		};
		3A9ABAAB20D062C100EDB609 /* Release */ = {
			isa = XCBuildConfiguration;
			buildSettings = {
				ALWAYS_SEARCH_USER_PATHS = NO;
				CLANG_ANALYZER_NONNULL = YES;
				CLANG_ANALYZER_NUMBER_OBJECT_CONVERSION = YES_AGGRESSIVE;
				CLANG_CXX_LANGUAGE_STANDARD = "gnu++14";
				CLANG_CXX_LIBRARY = "libc++";
				CLANG_ENABLE_MODULES = YES;
				CLANG_ENABLE_OBJC_ARC = YES;
				CLANG_ENABLE_OBJC_WEAK = YES;
				CLANG_WARN_BLOCK_CAPTURE_AUTORELEASING = YES;
				CLANG_WARN_BOOL_CONVERSION = YES;
				CLANG_WARN_COMMA = YES;
				CLANG_WARN_CONSTANT_CONVERSION = YES;
				CLANG_WARN_DEPRECATED_OBJC_IMPLEMENTATIONS = YES;
				CLANG_WARN_DIRECT_OBJC_ISA_USAGE = YES_ERROR;
				CLANG_WARN_DOCUMENTATION_COMMENTS = YES;
				CLANG_WARN_EMPTY_BODY = YES;
				CLANG_WARN_ENUM_CONVERSION = YES;
				CLANG_WARN_INFINITE_RECURSION = YES;
				CLANG_WARN_INT_CONVERSION = YES;
				CLANG_WARN_NON_LITERAL_NULL_CONVERSION = YES;
				CLANG_WARN_OBJC_IMPLICIT_RETAIN_SELF = YES;
				CLANG_WARN_OBJC_LITERAL_CONVERSION = YES;
				CLANG_WARN_OBJC_ROOT_CLASS = YES_ERROR;
				CLANG_WARN_RANGE_LOOP_ANALYSIS = YES;
				CLANG_WARN_STRICT_PROTOTYPES = YES;
				CLANG_WARN_SUSPICIOUS_MOVE = YES;
				CLANG_WARN_UNGUARDED_AVAILABILITY = YES_AGGRESSIVE;
				CLANG_WARN_UNREACHABLE_CODE = YES;
				CLANG_WARN__DUPLICATE_METHOD_MATCH = YES;
				CODE_SIGN_IDENTITY = "iPhone Developer";
				COPY_PHASE_STRIP = NO;
				DEBUG_INFORMATION_FORMAT = "dwarf-with-dsym";
				ENABLE_NS_ASSERTIONS = NO;
				ENABLE_STRICT_OBJC_MSGSEND = YES;
				GCC_C_LANGUAGE_STANDARD = gnu11;
				GCC_NO_COMMON_BLOCKS = YES;
				GCC_WARN_64_TO_32_BIT_CONVERSION = YES;
				GCC_WARN_ABOUT_RETURN_TYPE = YES_ERROR;
				GCC_WARN_UNDECLARED_SELECTOR = YES;
				GCC_WARN_UNINITIALIZED_AUTOS = YES_AGGRESSIVE;
				GCC_WARN_UNUSED_FUNCTION = YES;
				GCC_WARN_UNUSED_VARIABLE = YES;
				IPHONEOS_DEPLOYMENT_TARGET = 11.4;
				MTL_ENABLE_DEBUG_INFO = NO;
				SDKROOT = iphoneos;
				SWIFT_COMPILATION_MODE = wholemodule;
				SWIFT_OPTIMIZATION_LEVEL = "-O";
				VALIDATE_PRODUCT = YES;
			};
			name = Release;
		};
		3A9ABAAD20D062C100EDB609 /* Debug */ = {
			isa = XCBuildConfiguration;
			buildSettings = {
				ASSETCATALOG_COMPILER_APPICON_NAME = AppIcon;
				CODE_SIGN_STYLE = Automatic;
				DEVELOPMENT_TEAM = ZBWBJ7ZF77;
				INFOPLIST_FILE = Test/Info.plist;
				LD_RUNPATH_SEARCH_PATHS = (
					"$(inherited)",
					"@executable_path/Frameworks",
				);
				PRODUCT_BUNDLE_IDENTIFIER = adrian.Test;
				PRODUCT_NAME = "$(TARGET_NAME)";
				SWIFT_VERSION = 4.0;
				TARGETED_DEVICE_FAMILY = "1,2";
			};
			name = Debug;
		};
		3A9ABAAE20D062C100EDB609 /* Release */ = {
			isa = XCBuildConfiguration;
			buildSettings = {
				ASSETCATALOG_COMPILER_APPICON_NAME = AppIcon;
				CODE_SIGN_STYLE = Automatic;
				DEVELOPMENT_TEAM = ZBWBJ7ZF77;
				INFOPLIST_FILE = Test/Info.plist;
				LD_RUNPATH_SEARCH_PATHS = (
					"$(inherited)",
					"@executable_path/Frameworks",
				);
				PRODUCT_BUNDLE_IDENTIFIER = adrian.Test;
				PRODUCT_NAME = "$(TARGET_NAME)";
				SWIFT_VERSION = 4.0;
				TARGETED_DEVICE_FAMILY = "1,2";
			};
			name = Release;
		};
/* End XCBuildConfiguration section */

/* Begin XCConfigurationList section */
		3A9ABA9220D062BF00EDB609 /* Build configuration list for PBXProject "Test" */ = {
			isa = XCConfigurationList;
			buildConfigurations = (
				3A9ABAAA20D062C100EDB609 /* Debug */,
				3A9ABAAB20D062C100EDB609 /* Release */,
			);
			defaultConfigurationIsVisible = 0;
			defaultConfigurationName = Release;
		};
		3A9ABAAC20D062C100EDB609 /* Build configuration list for PBXNativeTarget "Test" */ = {
			isa = XCConfigurationList;
			buildConfigurations = (
				3A9ABAAD20D062C100EDB609 /* Debug */,
				3A9ABAAE20D062C100EDB609 /* Release */,
			);
			defaultConfigurationIsVisible = 0;
			defaultConfigurationName = Release;
		};
/* End XCConfigurationList section */

/* Begin XCVersionGroup section */
		3A9ABAA120D062BF00EDB609 /* Test.xcdatamodeld */ = {
			isa = XCVersionGroup;
			children = (
				3A9ABAA220D062BF00EDB609 /* Test.xcdatamodel */,
			);
			currentVersion = 3A9ABAA220D062BF00EDB609 /* Test.xcdatamodel */;
			path = Test.xcdatamodeld;
			sourceTree = "<group>";
			versionGroupType = wrapper.xcdatamodel;
		};
/* End XCVersionGroup section */
	};
	rootObject = 3A9ABA8F20D062BF00EDB609 /* Project object */;
}
